
Microsoft Visual Studio Solution File, Format Version 11.00
# Visual Studio 2010
Project("{FAE04EC0-301F-11D3-BF4B-00C04F79EFBC}") = "Infometrix_Game", "Assembly-CSharp-firstpass.csproj", "{D6AA0E70-3044-B64A-66AB-C102F195B038}"
EndProject
Project("{FAE04EC0-301F-11D3-BF4B-00C04F79EFBC}") = "Infometrix_Game", "Assembly-CSharp.csproj", "{18124F60-FE03-52EA-D94D-A3A696D79549}"
EndProject
Project("{FAE04EC0-301F-11D3-BF4B-00C04F79EFBC}") = "Infometrix_Game", "Assembly-CSharp-Editor-firstpass.csproj", "{B6C6CFB6-1B22-AEBA-6F10-3C3409AF9216}"
EndProject
Global
	GlobalSection(SolutionConfigurationPlatforms) = preSolution
		Debug|Any CPU = Debug|Any CPU
		Release|Any CPU = Release|Any CPU
	EndGlobalSection
	GlobalSection(ProjectConfigurationPlatforms) = postSolution
		{D6AA0E70-3044-B64A-66AB-C102F195B038}.Debug|Any CPU.ActiveCfg = Debug|Any CPU
		{D6AA0E70-3044-B64A-66AB-C102F195B038}.Debug|Any CPU.Build.0 = Debug|Any CPU
		{D6AA0E70-3044-B64A-66AB-C102F195B038}.Release|Any CPU.ActiveCfg = Release|Any CPU
		{D6AA0E70-3044-B64A-66AB-C102F195B038}.Release|Any CPU.Build.0 = Release|Any CPU
		{18124F60-FE03-52EA-D94D-A3A696D79549}.Debug|Any CPU.ActiveCfg = Debug|Any CPU
		{18124F60-FE03-52EA-D94D-A3A696D79549}.Debug|Any CPU.Build.0 = Debug|Any CPU
		{18124F60-FE03-52EA-D94D-A3A696D79549}.Release|Any CPU.ActiveCfg = Release|Any CPU
		{18124F60-FE03-52EA-D94D-A3A696D79549}.Release|Any CPU.Build.0 = Release|Any CPU
		{B6C6CFB6-1B22-AEBA-6F10-3C3409AF9216}.Debug|Any CPU.ActiveCfg = Debug|Any CPU
		{B6C6CFB6-1B22-AEBA-6F10-3C3409AF9216}.Debug|Any CPU.Build.0 = Debug|Any CPU
		{B6C6CFB6-1B22-AEBA-6F10-3C3409AF9216}.Release|Any CPU.ActiveCfg = Release|Any CPU
		{B6C6CFB6-1B22-AEBA-6F10-3C3409AF9216}.Release|Any CPU.Build.0 = Release|Any CPU
	EndGlobalSection
	GlobalSection(SolutionProperties) = preSolution
		HideSolutionNode = FALSE
	EndGlobalSection
	GlobalSection(MonoDevelopProperties) = preSolution
		StartupItem = Assembly-CSharp.csproj
	EndGlobalSection
EndGlobal
